
Microsoft Visual Studio Solution File, Format Version 12.00
# Visual Studio Version 17
VisualStudioVersion = 17.0.31903.59
MinimumVisualStudioVersion = 10.0.40219.1
Project("{FAE04EC0-301F-11D3-BF4B-00C04F79EFBC}") = "NCBrowse", "NCBrowse\NCBrowse.csproj", "{21EE1480-5C6C-4A44-923A-783570D925DA}"
EndProject
Global
	GlobalSection(SolutionConfigurationPlatforms) = preSolution
		Debug|Any CPU = Debug|Any CPU
		Release|Any CPU = Release|Any CPU
	EndGlobalSection
	GlobalSection(SolutionProperties) = preSolution
		HideSolutionNode = FALSE
	EndGlobalSection
	GlobalSection(ProjectConfigurationPlatforms) = postSolution
		{21EE1480-5C6C-4A44-923A-783570D925DA}.Debug|Any CPU.ActiveCfg = Debug|Any CPU
		{21EE1480-5C6C-4A44-923A-783570D925DA}.Debug|Any CPU.Build.0 = Debug|Any CPU
		{21EE1480-5C6C-4A44-923A-783570D925DA}.Release|Any CPU.ActiveCfg = Release|Any CPU
		{21EE1480-5C6C-4A44-923A-783570D925DA}.Release|Any CPU.Build.0 = Release|Any CPU
	EndGlobalSection
EndGlobal
